// !$*UTF8*$!
{
	archiveVersion = 1;
	classes = {
	};
	objectVersion = 56;
	objects = {

/* Begin PBXBuildFile section */
		F0011000 /* RokidPowerShellApp.swift in Sources */ = {isa = PBXBuildFile; fileRef = F0010000 /* RokidPowerShellApp.swift */; };
		F0021000 /* TerminalModels.swift in Sources */ = {isa = PBXBuildFile; fileRef = F0020000 /* TerminalModels.swift */; };
		F0031000 /* PCBridgeServer.swift in Sources */ = {isa = PBXBuildFile; fileRef = F0030000 /* PCBridgeServer.swift */; };
		F0041000 /* GlassesServer.swift in Sources */ = {isa = PBXBuildFile; fileRef = F0040000 /* GlassesServer.swift */; };
		F0051000 /* TerminalViewModel.swift in Sources */ = {isa = PBXBuildFile; fileRef = F0050000 /* TerminalViewModel.swift */; };
		F0061000 /* ContentView.swift in Sources */ = {isa = PBXBuildFile; fileRef = F0060000 /* ContentView.swift */; };
		F0071000 /* TerminalView.swift in Sources */ = {isa = PBXBuildFile; fileRef = F0070000 /* TerminalView.swift */; };
		F0081000 /* SettingsView.swift in Sources */ = {isa = PBXBuildFile; fileRef = F0080000 /* SettingsView.swift */; };
		F0091000 /* SpeechManager.swift in Sources */ = {isa = PBXBuildFile; fileRef = F0090000 /* SpeechManager.swift */; };
		F00A1000 /* AICommandManager.swift in Sources */ = {isa = PBXBuildFile; fileRef = F00A0000 /* AICommandManager.swift */; };
/* End PBXBuildFile section */

/* Begin PBXFileReference section */
		F0000100 /* RokidPowerShell.app */ = {isa = PBXFileReference; explicitFileType = wrapper.application; includeInIndex = 0; path = RokidPowerShell.app; sourceTree = BUILT_PRODUCTS_DIR; };
		F0010000 /* RokidPowerShellApp.swift */ = {isa = PBXFileReference; lastKnownFileType = sourcecode.swift; path = RokidPowerShellApp.swift; sourceTree = "<group>"; };
		F0010001 /* Info.plist */ = {isa = PBXFileReference; lastKnownFileType = text.plist.xml; path = Info.plist; sourceTree = "<group>"; };
		F0020000 /* TerminalModels.swift */ = {isa = PBXFileReference; lastKnownFileType = sourcecode.swift; path = TerminalModels.swift; sourceTree = "<group>"; };
		F0030000 /* PCBridgeServer.swift */ = {isa = PBXFileReference; lastKnownFileType = sourcecode.swift; path = PCBridgeServer.swift; sourceTree = "<group>"; };
		F0040000 /* GlassesServer.swift */ = {isa = PBXFileReference; lastKnownFileType = sourcecode.swift; path = GlassesServer.swift; sourceTree = "<group>"; };
		F0050000 /* TerminalViewModel.swift */ = {isa = PBXFileReference; lastKnownFileType = sourcecode.swift; path = TerminalViewModel.swift; sourceTree = "<group>"; };
		F0060000 /* ContentView.swift */ = {isa = PBXFileReference; lastKnownFileType = sourcecode.swift; path = ContentView.swift; sourceTree = "<group>"; };
		F0070000 /* TerminalView.swift */ = {isa = PBXFileReference; lastKnownFileType = sourcecode.swift; path = TerminalView.swift; sourceTree = "<group>"; };
		F0080000 /* SettingsView.swift */ = {isa = PBXFileReference; lastKnownFileType = sourcecode.swift; path = SettingsView.swift; sourceTree = "<group>"; };
		F0090000 /* SpeechManager.swift */ = {isa = PBXFileReference; lastKnownFileType = sourcecode.swift; path = SpeechManager.swift; sourceTree = "<group>"; };
		F00A0000 /* AICommandManager.swift */ = {isa = PBXFileReference; lastKnownFileType = sourcecode.swift; path = AICommandManager.swift; sourceTree = "<group>"; };
/* End PBXFileReference section */

/* Begin PBXFileReference section (Frameworks) */
		F0FF0001 /* Speech.framework */ = {isa = PBXFileReference; lastKnownFileType = wrapper.framework; name = Speech.framework; path = System/Library/Frameworks/Speech.framework; sourceTree = SDKROOT; };
		F0FF0002 /* AVFoundation.framework */ = {isa = PBXFileReference; lastKnownFileType = wrapper.framework; name = AVFoundation.framework; path = System/Library/Frameworks/AVFoundation.framework; sourceTree = SDKROOT; };
/* End PBXFileReference section (Frameworks) */

/* Begin PBXBuildFile section (Frameworks) */
		F0FF1001 /* Speech.framework in Frameworks */ = {isa = PBXBuildFile; fileRef = F0FF0001 /* Speech.framework */; };
		F0FF1002 /* AVFoundation.framework in Frameworks */ = {isa = PBXBuildFile; fileRef = F0FF0002 /* AVFoundation.framework */; };
/* End PBXBuildFile section (Frameworks) */

/* Begin PBXFrameworksBuildPhase section */
		F0000010 /* Frameworks */ = {
			isa = PBXFrameworksBuildPhase;
			buildActionMask = 2147483647;
			files = (
				F0FF1001 /* Speech.framework in Frameworks */,
				F0FF1002 /* AVFoundation.framework in Frameworks */,
			);
			runOnlyForDeploymentPostprocessing = 0;
		};
/* End PBXFrameworksBuildPhase section */

/* Begin PBXGroup section */
		F0000200 /* Products */ = {
			isa = PBXGroup;
			children = (
				F0000100 /* RokidPowerShell.app */,
			);
			name = Products;
			sourceTree = "<group>";
		};
		F0000300 /* RokidPowerShell */ = {
			isa = PBXGroup;
			children = (
				F0000400 /* App */,
				F0000500 /* Data */,
				F0000600 /* Service */,
				F0000700 /* Glasses */,
				F0000800 /* ViewModel */,
				F0000900 /* UI */,
			);
			path = RokidPowerShell;
			sourceTree = "<group>";
		};
		F0000400 /* App */ = {
			isa = PBXGroup;
			children = (
				F0010000 /* RokidPowerShellApp.swift */,
				F0010001 /* Info.plist */,
			);
			path = App;
			sourceTree = "<group>";
		};
		F0000500 /* Data */ = {
			isa = PBXGroup;
			children = (
				F0020000 /* TerminalModels.swift */,
			);
			path = Data;
			sourceTree = "<group>";
		};
		F0000600 /* Service */ = {
			isa = PBXGroup;
			children = (
				F0030000 /* PCBridgeServer.swift */,
				F0090000 /* SpeechManager.swift */,
				F00A0000 /* AICommandManager.swift */,
			);
			path = Service;
			sourceTree = "<group>";
		};
		F0000700 /* Glasses */ = {
			isa = PBXGroup;
			children = (
				F0040000 /* GlassesServer.swift */,
			);
			path = Glasses;
			sourceTree = "<group>";
		};
		F0000800 /* ViewModel */ = {
			isa = PBXGroup;
			children = (
				F0050000 /* TerminalViewModel.swift */,
			);
			path = ViewModel;
			sourceTree = "<group>";
		};
		F0000900 /* UI */ = {
			isa = PBXGroup;
			children = (
				F0060000 /* ContentView.swift */,
				F0070000 /* TerminalView.swift */,
				F0080000 /* SettingsView.swift */,
			);
			path = UI;
			sourceTree = "<group>";
		};
		F0FFFF00 /* Frameworks */ = {
			isa = PBXGroup;
			children = (
				F0FF0001 /* Speech.framework */,
				F0FF0002 /* AVFoundation.framework */,
			);
			name = Frameworks;
			sourceTree = "<group>";
		};
		F0AAAAAA /* root */ = {
			isa = PBXGroup;
			children = (
				F0000300 /* RokidPowerShell */,
				F0000200 /* Products */,
				F0FFFF00 /* Frameworks */,
			);
			sourceTree = "<group>";
		};
/* End PBXGroup section */

/* Begin PBXNativeTarget section */
		F0000001 /* RokidPowerShell */ = {
			isa = PBXNativeTarget;
			buildConfigurationList = F0000031 /* Build configuration list for PBXNativeTarget "RokidPowerShell" */;
			buildPhases = (
				F0000005 /* Sources */,
				F0000010 /* Frameworks */,
				F0000015 /* Resources */,
			);
			buildRules = (
			);
			dependencies = (
			);
			name = RokidPowerShell;
			productName = RokidPowerShell;
			productReference = F0000100 /* RokidPowerShell.app */;
			productType = "com.apple.product-type.application";
		};
/* End PBXNativeTarget section */

/* Begin PBXProject section */
		F0000002 /* Project object */ = {
			isa = PBXProject;
			attributes = {
				BuildIndependentTargetsInParallel = 1;
				LastSwiftUpdateCheck = 1500;
				LastUpgradeCheck = 1500;
				TargetAttributes = {
					F0000001 = {
						CreatedOnToolsVersion = 15.0;
					};
				};
			};
			buildConfigurationList = F0000030 /* Build configuration list for PBXProject "RokidPowerShell" */;
			compatibilityVersion = "Xcode 14.0";
			developmentRegion = en;
			hasScannedForEncodings = 0;
			knownRegions = (
				en,
				Base,
			);
			mainGroup = F0AAAAAA;
			productRefGroup = F0000200 /* Products */;
			projectDirPath = "";
			projectRoot = "";
			targets = (
				F0000001 /* RokidPowerShell */,
			);
		};
/* End PBXProject section */

/* Begin PBXResourcesBuildPhase section */
		F0000015 /* Resources */ = {
			isa = PBXResourcesBuildPhase;
			buildActionMask = 2147483647;
			files = (
			);
			runOnlyForDeploymentPostprocessing = 0;
		};
/* End PBXResourcesBuildPhase section */

/* Begin PBXSourcesBuildPhase section */
		F0000005 /* Sources */ = {
			isa = PBXSourcesBuildPhase;
			buildActionMask = 2147483647;
			files = (
				F0011000 /* RokidPowerShellApp.swift in Sources */,
				F0021000 /* TerminalModels.swift in Sources */,
				F0031000 /* PCBridgeServer.swift in Sources */,
				F0091000 /* SpeechManager.swift in Sources */,
				F00A1000 /* AICommandManager.swift in Sources */,
				F0041000 /* GlassesServer.swift in Sources */,
				F0051000 /* TerminalViewModel.swift in Sources */,
				F0061000 /* ContentView.swift in Sources */,
				F0071000 /* TerminalView.swift in Sources */,
				F0081000 /* SettingsView.swift in Sources */,
			);
			runOnlyForDeploymentPostprocessing = 0;
		};
/* End PBXSourcesBuildPhase section */

/* Begin XCBuildConfiguration section */
		F0000020 /* Debug */ = {
			isa = XCBuildConfiguration;
			buildSettings = {
				ALWAYS_SEARCH_USER_PATHS = NO;
				ASSETCATALOG_COMPILER_GENERATE_SWIFT_ASSET_SYMBOL_EXTENSIONS = YES;
				CLANG_ANALYZER_NONNULL = YES;
				CLANG_ANALYZER_NUMBER_OBJECT_CONVERSION = YES_AGGRESSIVE;
				CLANG_CXX_LANGUAGE_STANDARD = "gnu++20";
				CLANG_ENABLE_MODULES = YES;
				CLANG_ENABLE_OBJC_ARC = YES;
				CLANG_ENABLE_OBJC_WEAK = YES;
				CLANG_WARN_BLOCK_CAPTURE_AUTORELEASING = YES;
				CLANG_WARN_BOOL_CONVERSION = YES;
				CLANG_WARN_COMMA = YES;
				CLANG_WARN_CONSTANT_CONVERSION = YES;
				CLANG_WARN_DEPRECATED_OBJC_IMPLEMENTATIONS = YES;
				CLANG_WARN_DIRECT_OBJC_ISA_USAGE = YES_ERROR;
				CLANG_WARN_DOCUMENTATION_COMMENTS = YES;
				CLANG_WARN_EMPTY_BODY = YES;
				CLANG_WARN_ENUM_CONVERSION = YES;
				CLANG_WARN_INFINITE_RECURSION = YES;
				CLANG_WARN_INT_CONVERSION = YES;
				CLANG_WARN_NON_LITERAL_NULL_CONVERSION = YES;
				CLANG_WARN_OBJC_IMPLICIT_RETAIN_SELF = YES;
				CLANG_WARN_OBJC_LITERAL_CONVERSION = YES;
				CLANG_WARN_OBJC_ROOT_CLASS = YES_ERROR;
				CLANG_WARN_QUOTED_INCLUDE_IN_FRAMEWORK_HEADER = YES;
				CLANG_WARN_RANGE_LOOP_ANALYSIS = YES;
				CLANG_WARN_STRICT_PROTOTYPES = YES;
				CLANG_WARN_SUSPICIOUS_MOVE = YES;
				CLANG_WARN_UNGUARDED_AVAILABILITY = YES_AGGRESSIVE;
				CLANG_WARN_UNREACHABLE_CODE = YES;
				CLANG_WARN__DUPLICATE_METHOD_MATCH = YES;
				COPY_PHASE_STRIP = NO;
				DEBUG_INFORMATION_FORMAT = dwarf;
				ENABLE_STRICT_OBJC_MSGSEND = YES;
				ENABLE_TESTABILITY = YES;
				ENABLE_USER_SCRIPT_SANDBOXING = YES;
				GCC_C_LANGUAGE_STANDARD = gnu17;
				GCC_DYNAMIC_NO_PIC = NO;
				GCC_NO_COMMON_BLOCKS = YES;
				GCC_OPTIMIZATION_LEVEL = 0;
				GCC_PREPROCESSOR_DEFINITIONS = (
					"DEBUG=1",
					"$(inherited)",
				);
				GCC_WARN_64_TO_32_BIT_CONVERSION = YES;
				GCC_WARN_ABOUT_RETURN_TYPE = YES_ERROR;
				GCC_WARN_UNDECLARED_SELECTOR = YES;
				GCC_WARN_UNINITIALIZED_AUTOS = YES_AGGRESSIVE;
				GCC_WARN_UNUSED_FUNCTION = YES;
				GCC_WARN_UNUSED_VARIABLE = YES;
				IPHONEOS_DEPLOYMENT_TARGET = 17.0;
				MTL_ENABLE_DEBUG_INFO = INCLUDE_SOURCE;
				MTL_FAST_MATH = YES;
				ONLY_ACTIVE_ARCH = YES;
				SDKROOT = iphoneos;
				SWIFT_ACTIVE_COMPILATION_CONDITIONS = DEBUG;
				SWIFT_OPTIMIZATION_LEVEL = "-Onone";
			};
			name = Debug;
		};
		F0000021 /* Release */ = {
			isa = XCBuildConfiguration;
			buildSettings = {
				ALWAYS_SEARCH_USER_PATHS = NO;
				ASSETCATALOG_COMPILER_GENERATE_SWIFT_ASSET_SYMBOL_EXTENSIONS = YES;
				CLANG_ANALYZER_NONNULL = YES;
				CLANG_ANALYZER_NUMBER_OBJECT_CONVERSION = YES_AGGRESSIVE;
				CLANG_CXX_LANGUAGE_STANDARD = "gnu++20";
				CLANG_ENABLE_MODULES = YES;
				CLANG_ENABLE_OBJC_ARC = YES;
				CLANG_ENABLE_OBJC_WEAK = YES;
				CLANG_WARN_BLOCK_CAPTURE_AUTORELEASING = YES;
				CLANG_WARN_BOOL_CONVERSION = YES;
				CLANG_WARN_COMMA = YES;
				CLANG_WARN_CONSTANT_CONVERSION = YES;
				CLANG_WARN_DEPRECATED_OBJC_IMPLEMENTATIONS = YES;
				CLANG_WARN_DIRECT_OBJC_ISA_USAGE = YES_ERROR;
				CLANG_WARN_DOCUMENTATION_COMMENTS = YES;
				CLANG_WARN_EMPTY_BODY = YES;
				CLANG_WARN_ENUM_CONVERSION = YES;
				CLANG_WARN_INFINITE_RECURSION = YES;
				CLANG_WARN_INT_CONVERSION = YES;
				CLANG_WARN_NON_LITERAL_NULL_CONVERSION = YES;
				CLANG_WARN_OBJC_IMPLICIT_RETAIN_SELF = YES;
				CLANG_WARN_OBJC_LITERAL_CONVERSION = YES;
				CLANG_WARN_OBJC_ROOT_CLASS = YES_ERROR;
				CLANG_WARN_QUOTED_INCLUDE_IN_FRAMEWORK_HEADER = YES;
				CLANG_WARN_RANGE_LOOP_ANALYSIS = YES;
				CLANG_WARN_STRICT_PROTOTYPES = YES;
				CLANG_WARN_SUSPICIOUS_MOVE = YES;
				CLANG_WARN_UNGUARDED_AVAILABILITY = YES_AGGRESSIVE;
				CLANG_WARN_UNREACHABLE_CODE = YES;
				CLANG_WARN__DUPLICATE_METHOD_MATCH = YES;
				COPY_PHASE_STRIP = NO;
				DEBUG_INFORMATION_FORMAT = "dwarf-with-dsym";
				ENABLE_NS_ASSERTIONS = NO;
				ENABLE_STRICT_OBJC_MSGSEND = YES;
				ENABLE_USER_SCRIPT_SANDBOXING = YES;
				GCC_C_LANGUAGE_STANDARD = gnu17;
				GCC_NO_COMMON_BLOCKS = YES;
				GCC_WARN_64_TO_32_BIT_CONVERSION = YES;
				GCC_WARN_ABOUT_RETURN_TYPE = YES_ERROR;
				GCC_WARN_UNDECLARED_SELECTOR = YES;
				GCC_WARN_UNINITIALIZED_AUTOS = YES_AGGRESSIVE;
				GCC_WARN_UNUSED_FUNCTION = YES;
				GCC_WARN_UNUSED_VARIABLE = YES;
				IPHONEOS_DEPLOYMENT_TARGET = 17.0;
				MTL_FAST_MATH = YES;
				SDKROOT = iphoneos;
				SWIFT_COMPILATION_MODE = wholemodule;
				VALIDATE_PRODUCT = YES;
			};
			name = Release;
		};
		F0000022 /* Debug */ = {
			isa = XCBuildConfiguration;
			buildSettings = {
				ASSETCATALOG_COMPILER_APPICON_NAME = AppIcon;
				ASSETCATALOG_COMPILER_GLOBAL_ACCENT_COLOR_NAME = AccentColor;
				CODE_SIGN_STYLE = Automatic;
				CURRENT_PROJECT_VERSION = 1;
				DEVELOPMENT_ASSET_PATHS = "";
				ENABLE_PREVIEWS = YES;
				GENERATE_INFOPLIST_FILE = NO;
				INFOPLIST_FILE = RokidPowerShell/App/Info.plist;
				IPHONEOS_DEPLOYMENT_TARGET = 17.0;
				LD_RUNPATH_SEARCH_PATHS = (
					"$(inherited)",
					"@executable_path/Frameworks",
				);
				MARKETING_VERSION = 1.0;
				PRODUCT_BUNDLE_IDENTIFIER = com.rokid.powershell;
				PRODUCT_NAME = "$(TARGET_NAME)";
				SWIFT_EMIT_LOC_STRINGS = YES;
				SWIFT_VERSION = 5.0;
				TARGETED_DEVICE_FAMILY = 1;
			};
			name = Debug;
		};
		F0000023 /* Release */ = {
			isa = XCBuildConfiguration;
			buildSettings = {
				ASSETCATALOG_COMPILER_APPICON_NAME = AppIcon;
				ASSETCATALOG_COMPILER_GLOBAL_ACCENT_COLOR_NAME = AccentColor;
				CODE_SIGN_STYLE = Automatic;
				CURRENT_PROJECT_VERSION = 1;
				DEVELOPMENT_ASSET_PATHS = "";
				ENABLE_PREVIEWS = YES;
				GENERATE_INFOPLIST_FILE = NO;
				INFOPLIST_FILE = RokidPowerShell/App/Info.plist;
				IPHONEOS_DEPLOYMENT_TARGET = 17.0;
				LD_RUNPATH_SEARCH_PATHS = (
					"$(inherited)",
					"@executable_path/Frameworks",
				);
				MARKETING_VERSION = 1.0;
				PRODUCT_BUNDLE_IDENTIFIER = com.rokid.powershell;
				PRODUCT_NAME = "$(TARGET_NAME)";
				SWIFT_EMIT_LOC_STRINGS = YES;
				SWIFT_VERSION = 5.0;
				TARGETED_DEVICE_FAMILY = 1;
			};
			name = Release;
		};
/* End XCBuildConfiguration section */

/* Begin XCConfigurationList section */
		F0000030 /* Build configuration list for PBXProject "RokidPowerShell" */ = {
			isa = XCConfigurationList;
			buildConfigurations = (
				F0000020 /* Debug */,
				F0000021 /* Release */,
			);
			defaultConfigurationIsVisible = 0;
			defaultConfigurationName = Release;
		};
		F0000031 /* Build configuration list for PBXNativeTarget "RokidPowerShell" */ = {
			isa = XCConfigurationList;
			buildConfigurations = (
				F0000022 /* Debug */,
				F0000023 /* Release */,
			);
			defaultConfigurationIsVisible = 0;
			defaultConfigurationName = Release;
		};
/* End XCConfigurationList section */

	};
	rootObject = F0000002 /* Project object */;
}
